
Microsoft Visual Studio Solution File, Format Version 12.00
# Visual Studio Version 17
VisualStudioVersion = 17.6.33712.159
MinimumVisualStudioVersion = 10.0.40219.1
Project("{FAE04EC0-301F-11D3-BF4B-00C04F79EFBC}") = "tic-taac 3", "tic-taac 3.csproj", "{6173541E-AECA-4137-B7B4-5B9FEE1CD6F7}"
EndProject
Global
	GlobalSection(SolutionConfigurationPlatforms) = preSolution
		Debug|Any CPU = Debug|Any CPU
		Release|Any CPU = Release|Any CPU
	EndGlobalSection
	GlobalSection(ProjectConfigurationPlatforms) = postSolution
		{6173541E-AECA-4137-B7B4-5B9FEE1CD6F7}.Debug|Any CPU.ActiveCfg = Debug|Any CPU
		{6173541E-AECA-4137-B7B4-5B9FEE1CD6F7}.Debug|Any CPU.Build.0 = Debug|Any CPU
		{6173541E-AECA-4137-B7B4-5B9FEE1CD6F7}.Release|Any CPU.ActiveCfg = Release|Any CPU
		{6173541E-AECA-4137-B7B4-5B9FEE1CD6F7}.Release|Any CPU.Build.0 = Release|Any CPU
	EndGlobalSection
	GlobalSection(SolutionProperties) = preSolution
		HideSolutionNode = FALSE
	EndGlobalSection
	GlobalSection(ExtensibilityGlobals) = postSolution
		SolutionGuid = {2AC7A3A8-589B-4659-9E49-7554E04F759D}
	EndGlobalSection
EndGlobal
